// !$*UTF8*$!
{
	archiveVersion = 1;
	classes = {
	};
	objectVersion = 56;
	objects = {

/* Begin PBXBuildFile section */
		AA000000000000000000001A /* DisneylandHotelFinderApp.swift in Sources */ = {isa = PBXBuildFile; fileRef = BB000000000000000000001A /* DisneylandHotelFinderApp.swift */; };
		AA000000000000000000002A /* ContentView.swift in Sources */ = {isa = PBXBuildFile; fileRef = BB000000000000000000002A /* ContentView.swift */; };
		AA000000000000000000003A /* Hotel.swift in Sources */ = {isa = PBXBuildFile; fileRef = BB000000000000000000003A /* Hotel.swift */; };
		AA000000000000000000004A /* SearchParameters.swift in Sources */ = {isa = PBXBuildFile; fileRef = BB000000000000000000004A /* SearchParameters.swift */; };
		AA000000000000000000005A /* HotelDeal.swift in Sources */ = {isa = PBXBuildFile; fileRef = BB000000000000000000005A /* HotelDeal.swift */; };
		AA000000000000000000006A /* SearchView.swift in Sources */ = {isa = PBXBuildFile; fileRef = BB000000000000000000006A /* SearchView.swift */; };
		AA000000000000000000007A /* HotelListView.swift in Sources */ = {isa = PBXBuildFile; fileRef = BB000000000000000000007A /* HotelListView.swift */; };
		AA000000000000000000008A /* HotelCardView.swift in Sources */ = {isa = PBXBuildFile; fileRef = BB000000000000000000008A /* HotelCardView.swift */; };
		AA000000000000000000009A /* HotelDetailView.swift in Sources */ = {isa = PBXBuildFile; fileRef = BB000000000000000000009A /* HotelDetailView.swift */; };
		AA00000000000000000000AA /* FilterSortView.swift in Sources */ = {isa = PBXBuildFile; fileRef = BB00000000000000000000AA /* FilterSortView.swift */; };
		AA00000000000000000000BA /* FavoritesView.swift in Sources */ = {isa = PBXBuildFile; fileRef = BB00000000000000000000BA /* FavoritesView.swift */; };
		AA00000000000000000000CA /* HotelSearchViewModel.swift in Sources */ = {isa = PBXBuildFile; fileRef = BB00000000000000000000CA /* HotelSearchViewModel.swift */; };
		AA00000000000000000000DA /* GooglePlacesService.swift in Sources */ = {isa = PBXBuildFile; fileRef = BB00000000000000000000DA /* GooglePlacesService.swift */; };
		AA00000000000000000000EA /* HotelPricingService.swift in Sources */ = {isa = PBXBuildFile; fileRef = BB00000000000000000000EA /* HotelPricingService.swift */; };
		AA00000000000000000000FA /* DiscountService.swift in Sources */ = {isa = PBXBuildFile; fileRef = BB00000000000000000000FA /* DiscountService.swift */; };
		AA000000000000000000010A /* Constants.swift in Sources */ = {isa = PBXBuildFile; fileRef = BB000000000000000000010A /* Constants.swift */; };
		AA000000000000000000011A /* LocationHelper.swift in Sources */ = {isa = PBXBuildFile; fileRef = BB000000000000000000011A /* LocationHelper.swift */; };
		AA000000000000000000012A /* Assets.xcassets in Resources */ = {isa = PBXBuildFile; fileRef = BB000000000000000000012A /* Assets.xcassets */; };
/* End PBXBuildFile section */

/* Begin PBXFileReference section */
		BB000000000000000000001A /* DisneylandHotelFinderApp.swift */ = {isa = PBXFileReference; lastKnownFileType = sourcecode.swift; path = DisneylandHotelFinderApp.swift; sourceTree = "<group>"; };
		BB000000000000000000002A /* ContentView.swift */ = {isa = PBXFileReference; lastKnownFileType = sourcecode.swift; path = ContentView.swift; sourceTree = "<group>"; };
		BB000000000000000000003A /* Hotel.swift */ = {isa = PBXFileReference; lastKnownFileType = sourcecode.swift; path = Hotel.swift; sourceTree = "<group>"; };
		BB000000000000000000004A /* SearchParameters.swift */ = {isa = PBXFileReference; lastKnownFileType = sourcecode.swift; path = SearchParameters.swift; sourceTree = "<group>"; };
		BB000000000000000000005A /* HotelDeal.swift */ = {isa = PBXFileReference; lastKnownFileType = sourcecode.swift; path = HotelDeal.swift; sourceTree = "<group>"; };
		BB000000000000000000006A /* SearchView.swift */ = {isa = PBXFileReference; lastKnownFileType = sourcecode.swift; path = SearchView.swift; sourceTree = "<group>"; };
		BB000000000000000000007A /* HotelListView.swift */ = {isa = PBXFileReference; lastKnownFileType = sourcecode.swift; path = HotelListView.swift; sourceTree = "<group>"; };
		BB000000000000000000008A /* HotelCardView.swift */ = {isa = PBXFileReference; lastKnownFileType = sourcecode.swift; path = HotelCardView.swift; sourceTree = "<group>"; };
		BB000000000000000000009A /* HotelDetailView.swift */ = {isa = PBXFileReference; lastKnownFileType = sourcecode.swift; path = HotelDetailView.swift; sourceTree = "<group>"; };
		BB00000000000000000000AA /* FilterSortView.swift */ = {isa = PBXFileReference; lastKnownFileType = sourcecode.swift; path = FilterSortView.swift; sourceTree = "<group>"; };
		BB00000000000000000000BA /* FavoritesView.swift */ = {isa = PBXFileReference; lastKnownFileType = sourcecode.swift; path = FavoritesView.swift; sourceTree = "<group>"; };
		BB00000000000000000000CA /* HotelSearchViewModel.swift */ = {isa = PBXFileReference; lastKnownFileType = sourcecode.swift; path = HotelSearchViewModel.swift; sourceTree = "<group>"; };
		BB00000000000000000000DA /* GooglePlacesService.swift */ = {isa = PBXFileReference; lastKnownFileType = sourcecode.swift; path = GooglePlacesService.swift; sourceTree = "<group>"; };
		BB00000000000000000000EA /* HotelPricingService.swift */ = {isa = PBXFileReference; lastKnownFileType = sourcecode.swift; path = HotelPricingService.swift; sourceTree = "<group>"; };
		BB00000000000000000000FA /* DiscountService.swift */ = {isa = PBXFileReference; lastKnownFileType = sourcecode.swift; path = DiscountService.swift; sourceTree = "<group>"; };
		BB000000000000000000010A /* Constants.swift */ = {isa = PBXFileReference; lastKnownFileType = sourcecode.swift; path = Constants.swift; sourceTree = "<group>"; };
		BB000000000000000000011A /* LocationHelper.swift */ = {isa = PBXFileReference; lastKnownFileType = sourcecode.swift; path = LocationHelper.swift; sourceTree = "<group>"; };
		BB000000000000000000012A /* Assets.xcassets */ = {isa = PBXFileReference; lastKnownFileType = folder.assetcatalog; path = Assets.xcassets; sourceTree = "<group>"; };
		BB000000000000000000013A /* Info.plist */ = {isa = PBXFileReference; lastKnownFileType = text.plist.xml; path = Info.plist; sourceTree = "<group>"; };
		CC000000000000000000001A /* DisneylandHotelFinder.app */ = {isa = PBXFileReference; explicitFileType = wrapper.application; includeInIndex = 0; path = DisneylandHotelFinder.app; sourceTree = BUILT_PRODUCTS_DIR; };
/* End PBXFileReference section */

/* Begin PBXFrameworksBuildPhase section */
		DD000000000000000000001A /* Frameworks */ = {
			isa = PBXFrameworksBuildPhase;
			buildActionMask = 2147483647;
			files = (
			);
			runOnlyForDeploymentPostprocessing = 0;
		};
/* End PBXFrameworksBuildPhase section */

/* Begin PBXGroup section */
		EE000000000000000000001A = {
			isa = PBXGroup;
			children = (
				EE000000000000000000002A /* DisneylandHotelFinder */,
				EE000000000000000000009A /* Products */,
			);
			sourceTree = "<group>";
		};
		EE000000000000000000002A /* DisneylandHotelFinder */ = {
			isa = PBXGroup;
			children = (
				BB000000000000000000001A /* DisneylandHotelFinderApp.swift */,
				BB000000000000000000002A /* ContentView.swift */,
				EE000000000000000000003A /* Models */,
				EE000000000000000000004A /* Views */,
				EE000000000000000000005A /* ViewModels */,
				EE000000000000000000006A /* Services */,
				EE000000000000000000007A /* Utilities */,
				BB000000000000000000012A /* Assets.xcassets */,
				BB000000000000000000013A /* Info.plist */,
			);
			path = DisneylandHotelFinder;
			sourceTree = "<group>";
		};
		EE000000000000000000003A /* Models */ = {
			isa = PBXGroup;
			children = (
				BB000000000000000000003A /* Hotel.swift */,
				BB000000000000000000004A /* SearchParameters.swift */,
				BB000000000000000000005A /* HotelDeal.swift */,
			);
			path = Models;
			sourceTree = "<group>";
		};
		EE000000000000000000004A /* Views */ = {
			isa = PBXGroup;
			children = (
				BB000000000000000000006A /* SearchView.swift */,
				BB000000000000000000007A /* HotelListView.swift */,
				BB000000000000000000008A /* HotelCardView.swift */,
				BB000000000000000000009A /* HotelDetailView.swift */,
				BB00000000000000000000AA /* FilterSortView.swift */,
				BB00000000000000000000BA /* FavoritesView.swift */,
			);
			path = Views;
			sourceTree = "<group>";
		};
		EE000000000000000000005A /* ViewModels */ = {
			isa = PBXGroup;
			children = (
				BB00000000000000000000CA /* HotelSearchViewModel.swift */,
			);
			path = ViewModels;
			sourceTree = "<group>";
		};
		EE000000000000000000006A /* Services */ = {
			isa = PBXGroup;
			children = (
				BB00000000000000000000DA /* GooglePlacesService.swift */,
				BB00000000000000000000EA /* HotelPricingService.swift */,
				BB00000000000000000000FA /* DiscountService.swift */,
			);
			path = Services;
			sourceTree = "<group>";
		};
		EE000000000000000000007A /* Utilities */ = {
			isa = PBXGroup;
			children = (
				BB000000000000000000010A /* Constants.swift */,
				BB000000000000000000011A /* LocationHelper.swift */,
			);
			path = Utilities;
			sourceTree = "<group>";
		};
		EE000000000000000000009A /* Products */ = {
			isa = PBXGroup;
			children = (
				CC000000000000000000001A /* DisneylandHotelFinder.app */,
			);
			name = Products;
			sourceTree = "<group>";
		};
/* End PBXGroup section */

/* Begin PBXNativeTarget section */
		FF000000000000000000001A /* DisneylandHotelFinder */ = {
			isa = PBXNativeTarget;
			buildConfigurationList = FF000000000000000000005A /* Build configuration list for PBXNativeTarget "DisneylandHotelFinder" */;
			buildPhases = (
				FF000000000000000000002A /* Sources */,
				DD000000000000000000001A /* Frameworks */,
				FF000000000000000000003A /* Resources */,
			);
			buildRules = (
			);
			dependencies = (
			);
			name = DisneylandHotelFinder;
			productName = DisneylandHotelFinder;
			productReference = CC000000000000000000001A /* DisneylandHotelFinder.app */;
			productType = "com.apple.product-type.application";
		};
/* End PBXNativeTarget section */

/* Begin PBXProject section */
		FF000000000000000000009A /* Project object */ = {
			isa = PBXProject;
			attributes = {
				BuildIndependentTargetsInParallel = 1;
				LastSwiftUpdateCheck = 1500;
				LastUpgradeCheck = 1500;
				ORGANIZATIONNAME = "";
				TargetAttributes = {
					FF000000000000000000001A = {
						CreatedOnToolsVersion = 15.0;
					};
				};
			};
			buildConfigurationList = FF000000000000000000004A /* Build configuration list for PBXProject "DisneylandHotelFinder" */;
			compatibilityVersion = "Xcode 14.0";
			developmentRegion = en;
			hasScannedForEncodings = 0;
			knownRegions = (
				en,
				Base,
			);
			mainGroup = EE000000000000000000001A;
			productRefGroup = EE000000000000000000009A /* Products */;
			projectDirPath = "";
			projectRoot = "";
			targets = (
				FF000000000000000000001A /* DisneylandHotelFinder */,
			);
		};
/* End PBXProject section */

/* Begin PBXResourcesBuildPhase section */
		FF000000000000000000003A /* Resources */ = {
			isa = PBXResourcesBuildPhase;
			buildActionMask = 2147483647;
			files = (
				AA000000000000000000012A /* Assets.xcassets in Resources */,
			);
			runOnlyForDeploymentPostprocessing = 0;
		};
/* End PBXResourcesBuildPhase section */

/* Begin PBXSourcesBuildPhase section */
		FF000000000000000000002A /* Sources */ = {
			isa = PBXSourcesBuildPhase;
			buildActionMask = 2147483647;
			files = (
				AA000000000000000000001A /* DisneylandHotelFinderApp.swift in Sources */,
				AA000000000000000000002A /* ContentView.swift in Sources */,
				AA000000000000000000003A /* Hotel.swift in Sources */,
				AA000000000000000000004A /* SearchParameters.swift in Sources */,
				AA000000000000000000005A /* HotelDeal.swift in Sources */,
				AA000000000000000000006A /* SearchView.swift in Sources */,
				AA000000000000000000007A /* HotelListView.swift in Sources */,
				AA000000000000000000008A /* HotelCardView.swift in Sources */,
				AA000000000000000000009A /* HotelDetailView.swift in Sources */,
				AA00000000000000000000AA /* FilterSortView.swift in Sources */,
				AA00000000000000000000BA /* FavoritesView.swift in Sources */,
				AA00000000000000000000CA /* HotelSearchViewModel.swift in Sources */,
				AA00000000000000000000DA /* GooglePlacesService.swift in Sources */,
				AA00000000000000000000EA /* HotelPricingService.swift in Sources */,
				AA00000000000000000000FA /* DiscountService.swift in Sources */,
				AA000000000000000000010A /* Constants.swift in Sources */,
				AA000000000000000000011A /* LocationHelper.swift in Sources */,
			);
			runOnlyForDeploymentPostprocessing = 0;
		};
/* End PBXSourcesBuildPhase section */

/* Begin XCBuildConfiguration section */
		FF000000000000000000006A /* Debug */ = {
			isa = XCBuildConfiguration;
			buildSettings = {
				ALWAYS_SEARCH_USER_PATHS = NO;
				ASSETCATALOG_COMPILER_GENERATE_SWIFT_ASSET_SYMBOL_EXTENSIONS = YES;
				CLANG_ANALYZER_NONNULL = YES;
				CLANG_ANALYZER_NUMBER_OBJECT_CONVERSION = YES_AGGRESSIVE;
				CLANG_CXX_LANGUAGE_STANDARD = "gnu++20";
				CLANG_ENABLE_MODULES = YES;
				CLANG_ENABLE_OBJC_ARC = YES;
				CLANG_ENABLE_OBJC_WEAK = YES;
				CLANG_WARN_BLOCK_CAPTURE_AUTORELEASING = YES;
				CLANG_WARN_BOOL_CONVERSION = YES;
				CLANG_WARN_COMMA = YES;
				CLANG_WARN_CONSTANT_CONVERSION = YES;
				CLANG_WARN_DEPRECATED_OBJC_IMPLEMENTATIONS = YES;
				CLANG_WARN_DIRECT_OBJC_IVAR_ACCESS = YES;
				CLANG_WARN_EMPTY_BODY = YES;
				CLANG_WARN_ENUM_CONVERSION = YES;
				CLANG_WARN_INFINITE_RECURSION = YES;
				CLANG_WARN_INT_CONVERSION = YES;
				CLANG_WARN_NON_LITERAL_NULL_CONVERSION = YES;
				CLANG_WARN_OBJC_IMPLICIT_RETAIN_CYCLES = YES;
				CLANG_WARN_OBJC_LITERAL_CONVERSION = YES;
				CLANG_WARN_OBJC_ROOT_CLASS = YES_ERROR;
				CLANG_WARN_QUOTED_INCLUDE_IN_FRAMEWORK_HEADER = YES;
				CLANG_WARN_RANGE_LOOP_ANALYSIS = YES;
				CLANG_WARN_STRICT_PROTOTYPES = YES;
				CLANG_WARN_SUSPICIOUS_MOVE = YES;
				CLANG_WARN_UNGUARDED_AVAILABILITY = YES_AGGRESSIVE;
				CLANG_WARN_UNREACHABLE_CODE = YES;
				CLANG_WARN__DUPLICATE_METHOD_MATCH = YES;
				COPY_PHASE_STRIP = NO;
				DEBUG_INFORMATION_FORMAT = dwarf;
				ENABLE_STRICT_OBJC_MSGSEND = YES;
				ENABLE_TESTABILITY = YES;
				ENABLE_USER_SCRIPT_SANDBOXING = YES;
				GCC_C_LANGUAGE_STANDARD = gnu17;
				GCC_DYNAMIC_NO_PIC = NO;
				GCC_NO_COMMON_BLOCKS = YES;
				GCC_OPTIMIZATION_LEVEL = 0;
				GCC_PREPROCESSOR_DEFINITIONS = (
					"DEBUG=1",
					"$(inherited)",
				);
				GCC_WARN_64_TO_32_BIT_CONVERSION = YES;
				GCC_WARN_ABOUT_RETURN_TYPE = YES_ERROR;
				GCC_WARN_UNDECLARED_SELECTOR = YES;
				GCC_WARN_UNINITIALIZED_AUTOS = YES_AGGRESSIVE;
				GCC_WARN_UNUSED_FUNCTION = YES;
				GCC_WARN_UNUSED_VARIABLE = YES;
				IPHONEOS_DEPLOYMENT_TARGET = 17.0;
				MTL_ENABLE_DEBUG_INFO = INCLUDE_SOURCE;
				MTL_FAST_MATH = YES;
				ONLY_ACTIVE_ARCH = YES;
				SDKROOT = iphoneos;
				SWIFT_ACTIVE_COMPILATION_CONDITIONS = DEBUG;
				SWIFT_OPTIMIZATION_LEVEL = "-Onone";
			};
			name = Debug;
		};
		FF000000000000000000007A /* Release */ = {
			isa = XCBuildConfiguration;
			buildSettings = {
				ALWAYS_SEARCH_USER_PATHS = NO;
				ASSETCATALOG_COMPILER_GENERATE_SWIFT_ASSET_SYMBOL_EXTENSIONS = YES;
				CLANG_ANALYZER_NONNULL = YES;
				CLANG_ANALYZER_NUMBER_OBJECT_CONVERSION = YES_AGGRESSIVE;
				CLANG_CXX_LANGUAGE_STANDARD = "gnu++20";
				CLANG_ENABLE_MODULES = YES;
				CLANG_ENABLE_OBJC_ARC = YES;
				CLANG_ENABLE_OBJC_WEAK = YES;
				CLANG_WARN_BLOCK_CAPTURE_AUTORELEASING = YES;
				CLANG_WARN_BOOL_CONVERSION = YES;
				CLANG_WARN_COMMA = YES;
				CLANG_WARN_CONSTANT_CONVERSION = YES;
				CLANG_WARN_DEPRECATED_OBJC_IMPLEMENTATIONS = YES;
				CLANG_WARN_DIRECT_OBJC_IVAR_ACCESS = YES;
				CLANG_WARN_EMPTY_BODY = YES;
				CLANG_WARN_ENUM_CONVERSION = YES;
				CLANG_WARN_INFINITE_RECURSION = YES;
				CLANG_WARN_INT_CONVERSION = YES;
				CLANG_WARN_NON_LITERAL_NULL_CONVERSION = YES;
				CLANG_WARN_OBJC_IMPLICIT_RETAIN_CYCLES = YES;
				CLANG_WARN_OBJC_LITERAL_CONVERSION = YES;
				CLANG_WARN_OBJC_ROOT_CLASS = YES_ERROR;
				CLANG_WARN_QUOTED_INCLUDE_IN_FRAMEWORK_HEADER = YES;
				CLANG_WARN_RANGE_LOOP_ANALYSIS = YES;
				CLANG_WARN_STRICT_PROTOTYPES = YES;
				CLANG_WARN_SUSPICIOUS_MOVE = YES;
				CLANG_WARN_UNGUARDED_AVAILABILITY = YES_AGGRESSIVE;
				CLANG_WARN_UNREACHABLE_CODE = YES;
				CLANG_WARN__DUPLICATE_METHOD_MATCH = YES;
				COPY_PHASE_STRIP = NO;
				DEBUG_INFORMATION_FORMAT = "dwarf-with-dsym";
				ENABLE_NS_ASSERTIONS = NO;
				ENABLE_STRICT_OBJC_MSGSEND = YES;
				ENABLE_USER_SCRIPT_SANDBOXING = YES;
				GCC_C_LANGUAGE_STANDARD = gnu17;
				GCC_NO_COMMON_BLOCKS = YES;
				GCC_WARN_64_TO_32_BIT_CONVERSION = YES;
				GCC_WARN_ABOUT_RETURN_TYPE = YES_ERROR;
				GCC_WARN_UNDECLARED_SELECTOR = YES;
				GCC_WARN_UNINITIALIZED_AUTOS = YES_AGGRESSIVE;
				GCC_WARN_UNUSED_FUNCTION = YES;
				GCC_WARN_UNUSED_VARIABLE = YES;
				IPHONEOS_DEPLOYMENT_TARGET = 17.0;
				MTL_FAST_MATH = YES;
				SDKROOT = iphoneos;
				SWIFT_COMPILATION_MODE = wholemodule;
				SWIFT_OPTIMIZATION_LEVEL = "-O";
				VALIDATE_PRODUCT = YES;
			};
			name = Release;
		};
		FF000000000000000000008A /* Debug */ = {
			isa = XCBuildConfiguration;
			buildSettings = {
				ASSETCATALOG_COMPILER_APPICON_NAME = AppIcon;
				ASSETCATALOG_COMPILER_GLOBAL_ACCENT_COLOR_NAME = AccentColor;
				CODE_SIGN_STYLE = Automatic;
				CURRENT_PROJECT_VERSION = 1;
				DEVELOPMENT_ASSET_PATHS = "";
				ENABLE_PREVIEWS = YES;
				GENERATE_INFOPLIST_FILE = NO;
				INFOPLIST_FILE = DisneylandHotelFinder/Info.plist;
				IPHONEOS_DEPLOYMENT_TARGET = 17.0;
				LD_RUNPATH_SEARCH_PATHS = (
					"$(inherited)",
					"@executable_path/Frameworks",
				);
				MARKETING_VERSION = 1.0;
				PRODUCT_BUNDLE_IDENTIFIER = com.disneylandhotelfinder.app;
				PRODUCT_NAME = "$(TARGET_NAME)";
				SWIFT_EMIT_LOC_STRINGS = YES;
				SWIFT_VERSION = 5.0;
				TARGETED_DEVICE_FAMILY = "1,2";
			};
			name = Debug;
		};
		FF000000000000000000008B /* Release */ = {
			isa = XCBuildConfiguration;
			buildSettings = {
				ASSETCATALOG_COMPILER_APPICON_NAME = AppIcon;
				ASSETCATALOG_COMPILER_GLOBAL_ACCENT_COLOR_NAME = AccentColor;
				CODE_SIGN_STYLE = Automatic;
				CURRENT_PROJECT_VERSION = 1;
				DEVELOPMENT_ASSET_PATHS = "";
				ENABLE_PREVIEWS = YES;
				GENERATE_INFOPLIST_FILE = NO;
				INFOPLIST_FILE = DisneylandHotelFinder/Info.plist;
				IPHONEOS_DEPLOYMENT_TARGET = 17.0;
				LD_RUNPATH_SEARCH_PATHS = (
					"$(inherited)",
					"@executable_path/Frameworks",
				);
				MARKETING_VERSION = 1.0;
				PRODUCT_BUNDLE_IDENTIFIER = com.disneylandhotelfinder.app;
				PRODUCT_NAME = "$(TARGET_NAME)";
				SWIFT_EMIT_LOC_STRINGS = YES;
				SWIFT_VERSION = 5.0;
				TARGETED_DEVICE_FAMILY = "1,2";
			};
			name = Release;
		};
/* End XCBuildConfiguration section */

/* Begin XCConfigurationList section */
		FF000000000000000000004A /* Build configuration list for PBXProject "DisneylandHotelFinder" */ = {
			isa = XCConfigurationList;
			buildConfigurations = (
				FF000000000000000000006A /* Debug */,
				FF000000000000000000007A /* Release */,
			);
			defaultConfigurationIsVisible = 0;
			defaultConfigurationName = Release;
		};
		FF000000000000000000005A /* Build configuration list for PBXNativeTarget "DisneylandHotelFinder" */ = {
			isa = XCConfigurationList;
			buildConfigurations = (
				FF000000000000000000008A /* Debug */,
				FF000000000000000000008B /* Release */,
			);
			defaultConfigurationIsVisible = 0;
			defaultConfigurationName = Release;
		};
/* End XCConfigurationList section */

	};
	rootObject = FF000000000000000000009A /* Project object */;
}
